
Microsoft Visual Studio Solution File, Format Version 12.00
# Visual Studio Version 16
VisualStudioVersion = 16.0.808.7
MinimumVisualStudioVersion = 10.0.40219.1
Project("{FAE04EC0-301F-11D3-BF4B-00C04F79EFBC}") = "ttt.Android", "ttt.Android\ttt.Android.csproj", "{842BAE7C-05E7-4DCD-934E-F79378B61593}"
EndProject
Project("{FAE04EC0-301F-11D3-BF4B-00C04F79EFBC}") = "ttt.iOS", "ttt.iOS\ttt.iOS.csproj", "{071D21D3-E999-425A-B1EA-054E377B8423}"
EndProject
Project("{FAE04EC0-301F-11D3-BF4B-00C04F79EFBC}") = "ttt", "ttt\ttt.csproj", "{8415F962-1B20-49C3-ADD0-B5A85628255E}"
EndProject
Global
	GlobalSection(SolutionConfigurationPlatforms) = preSolution
		Debug|Any CPU = Debug|Any CPU
		Release|Any CPU = Release|Any CPU
		Debug|iPhoneSimulator = Debug|iPhoneSimulator
		Release|iPhoneSimulator = Release|iPhoneSimulator
		Debug|iPhone = Debug|iPhone
		Release|iPhone = Release|iPhone
	EndGlobalSection
	GlobalSection(ProjectConfigurationPlatforms) = postSolution
		{842BAE7C-05E7-4DCD-934E-F79378B61593}.Debug|Any CPU.ActiveCfg = Debug|Any CPU
		{842BAE7C-05E7-4DCD-934E-F79378B61593}.Debug|Any CPU.Build.0 = Debug|Any CPU
		{842BAE7C-05E7-4DCD-934E-F79378B61593}.Release|Any CPU.ActiveCfg = Release|Any CPU
		{842BAE7C-05E7-4DCD-934E-F79378B61593}.Release|Any CPU.Build.0 = Release|Any CPU
		{842BAE7C-05E7-4DCD-934E-F79378B61593}.Debug|iPhoneSimulator.ActiveCfg = Debug|Any CPU
		{842BAE7C-05E7-4DCD-934E-F79378B61593}.Debug|iPhoneSimulator.Build.0 = Debug|Any CPU
		{842BAE7C-05E7-4DCD-934E-F79378B61593}.Release|iPhoneSimulator.ActiveCfg = Release|Any CPU
		{842BAE7C-05E7-4DCD-934E-F79378B61593}.Release|iPhoneSimulator.Build.0 = Release|Any CPU
		{842BAE7C-05E7-4DCD-934E-F79378B61593}.Debug|iPhone.ActiveCfg = Debug|Any CPU
		{842BAE7C-05E7-4DCD-934E-F79378B61593}.Debug|iPhone.Build.0 = Debug|Any CPU
		{842BAE7C-05E7-4DCD-934E-F79378B61593}.Release|iPhone.ActiveCfg = Release|Any CPU
		{842BAE7C-05E7-4DCD-934E-F79378B61593}.Release|iPhone.Build.0 = Release|Any CPU
		{071D21D3-E999-425A-B1EA-054E377B8423}.Debug|Any CPU.ActiveCfg = Debug|iPhoneSimulator
		{071D21D3-E999-425A-B1EA-054E377B8423}.Debug|Any CPU.Build.0 = Debug|iPhoneSimulator
		{071D21D3-E999-425A-B1EA-054E377B8423}.Release|Any CPU.ActiveCfg = Release|iPhoneSimulator
		{071D21D3-E999-425A-B1EA-054E377B8423}.Release|Any CPU.Build.0 = Release|iPhoneSimulator
		{071D21D3-E999-425A-B1EA-054E377B8423}.Debug|iPhoneSimulator.ActiveCfg = Debug|iPhoneSimulator
		{071D21D3-E999-425A-B1EA-054E377B8423}.Debug|iPhoneSimulator.Build.0 = Debug|iPhoneSimulator
		{071D21D3-E999-425A-B1EA-054E377B8423}.Release|iPhoneSimulator.ActiveCfg = Release|iPhoneSimulator
		{071D21D3-E999-425A-B1EA-054E377B8423}.Release|iPhoneSimulator.Build.0 = Release|iPhoneSimulator
		{071D21D3-E999-425A-B1EA-054E377B8423}.Debug|iPhone.ActiveCfg = Debug|iPhone
		{071D21D3-E999-425A-B1EA-054E377B8423}.Debug|iPhone.Build.0 = Debug|iPhone
		{071D21D3-E999-425A-B1EA-054E377B8423}.Release|iPhone.ActiveCfg = Release|iPhone
		{071D21D3-E999-425A-B1EA-054E377B8423}.Release|iPhone.Build.0 = Release|iPhone
		{8415F962-1B20-49C3-ADD0-B5A85628255E}.Debug|Any CPU.ActiveCfg = Debug|Any CPU
		{8415F962-1B20-49C3-ADD0-B5A85628255E}.Debug|Any CPU.Build.0 = Debug|Any CPU
		{8415F962-1B20-49C3-ADD0-B5A85628255E}.Release|Any CPU.ActiveCfg = Release|Any CPU
		{8415F962-1B20-49C3-ADD0-B5A85628255E}.Release|Any CPU.Build.0 = Release|Any CPU
		{8415F962-1B20-49C3-ADD0-B5A85628255E}.Debug|iPhoneSimulator.ActiveCfg = Debug|Any CPU
		{8415F962-1B20-49C3-ADD0-B5A85628255E}.Debug|iPhoneSimulator.Build.0 = Debug|Any CPU
		{8415F962-1B20-49C3-ADD0-B5A85628255E}.Release|iPhoneSimulator.ActiveCfg = Release|Any CPU
		{8415F962-1B20-49C3-ADD0-B5A85628255E}.Release|iPhoneSimulator.Build.0 = Release|Any CPU
		{8415F962-1B20-49C3-ADD0-B5A85628255E}.Debug|iPhone.ActiveCfg = Debug|Any CPU
		{8415F962-1B20-49C3-ADD0-B5A85628255E}.Debug|iPhone.Build.0 = Debug|Any CPU
		{8415F962-1B20-49C3-ADD0-B5A85628255E}.Release|iPhone.ActiveCfg = Release|Any CPU
		{8415F962-1B20-49C3-ADD0-B5A85628255E}.Release|iPhone.Build.0 = Release|Any CPU
	EndGlobalSection
	GlobalSection(SolutionProperties) = preSolution
		HideSolutionNode = FALSE
	EndGlobalSection
	GlobalSection(ExtensibilityGlobals) = postSolution
		SolutionGuid = {7CE1E0A3-6B84-4216-B7FD-AC8EB2320252}
	EndGlobalSection
	GlobalSection(MonoDevelopProperties) = preSolution
		Policies = $0
		$0.VersionControlPolicy = $1
	EndGlobalSection
EndGlobal
